// !$*UTF8*$!
{
	archiveVersion = 1;
	classes = {
	};
	objectVersion = 55;
	objects = {

/* Begin PBXBuildFile section */
		213778D4286F463700CF974E /* Color.swift in Sources */ = {isa = PBXBuildFile; fileRef = 213778D3286F463700CF974E /* Color.swift */; };
		2174B06B287025830010E9BC /* Font.swift in Sources */ = {isa = PBXBuildFile; fileRef = 2174B06A287025830010E9BC /* Font.swift */; };
		2174B06D287028300010E9BC /* Data.swift in Sources */ = {isa = PBXBuildFile; fileRef = 2174B06C287028300010E9BC /* Data.swift */; };
		2188A776286EB03A00AE38AE /* AppDelegate.swift in Sources */ = {isa = PBXBuildFile; fileRef = 2188A775286EB03A00AE38AE /* AppDelegate.swift */; };
		2188A778286EB03A00AE38AE /* SceneDelegate.swift in Sources */ = {isa = PBXBuildFile; fileRef = 2188A777286EB03A00AE38AE /* SceneDelegate.swift */; };
		2188A77A286EB03A00AE38AE /* ViewController.swift in Sources */ = {isa = PBXBuildFile; fileRef = 2188A779286EB03A00AE38AE /* ViewController.swift */; };
		2188A77F286EB03B00AE38AE /* Assets.xcassets in Resources */ = {isa = PBXBuildFile; fileRef = 2188A77E286EB03B00AE38AE /* Assets.xcassets */; };
		2188A782286EB03B00AE38AE /* LaunchScreen.storyboard in Resources */ = {isa = PBXBuildFile; fileRef = 2188A780286EB03B00AE38AE /* LaunchScreen.storyboard */; };
		2188A78B286EB0E700AE38AE /* SnapKit in Frameworks */ = {isa = PBXBuildFile; productRef = 2188A78A286EB0E700AE38AE /* SnapKit */; };
		21A4D5E9286F00BC001D24C5 /* .swiftlint.yml in Resources */ = {isa = PBXBuildFile; fileRef = 21A4D5E8286F00BC001D24C5 /* .swiftlint.yml */; };
		5279AFED38710560B7E29FF5 /* libPods-CloneApp_Toss.a in Frameworks */ = {isa = PBXBuildFile; fileRef = 32533A7A58AFAA3E6FD464BA /* libPods-CloneApp_Toss.a */; };
/* End PBXBuildFile section */

/* Begin PBXFileReference section */
		213778D3286F463700CF974E /* Color.swift */ = {isa = PBXFileReference; lastKnownFileType = sourcecode.swift; path = Color.swift; sourceTree = "<group>"; };
		2174B06A287025830010E9BC /* Font.swift */ = {isa = PBXFileReference; lastKnownFileType = sourcecode.swift; path = Font.swift; sourceTree = "<group>"; };
		2174B06C287028300010E9BC /* Data.swift */ = {isa = PBXFileReference; lastKnownFileType = sourcecode.swift; path = Data.swift; sourceTree = "<group>"; };
		2188A772286EB03A00AE38AE /* CloneApp_Toss.app */ = {isa = PBXFileReference; explicitFileType = wrapper.application; includeInIndex = 0; path = CloneApp_Toss.app; sourceTree = BUILT_PRODUCTS_DIR; };
		2188A775286EB03A00AE38AE /* AppDelegate.swift */ = {isa = PBXFileReference; lastKnownFileType = sourcecode.swift; path = AppDelegate.swift; sourceTree = "<group>"; };
		2188A777286EB03A00AE38AE /* SceneDelegate.swift */ = {isa = PBXFileReference; lastKnownFileType = sourcecode.swift; path = SceneDelegate.swift; sourceTree = "<group>"; };
		2188A779286EB03A00AE38AE /* ViewController.swift */ = {isa = PBXFileReference; lastKnownFileType = sourcecode.swift; path = ViewController.swift; sourceTree = "<group>"; };
		2188A77E286EB03B00AE38AE /* Assets.xcassets */ = {isa = PBXFileReference; lastKnownFileType = folder.assetcatalog; path = Assets.xcassets; sourceTree = "<group>"; };
		2188A781286EB03B00AE38AE /* Base */ = {isa = PBXFileReference; lastKnownFileType = file.storyboard; name = Base; path = Base.lproj/LaunchScreen.storyboard; sourceTree = "<group>"; };
		2188A783286EB03B00AE38AE /* Info.plist */ = {isa = PBXFileReference; lastKnownFileType = text.plist.xml; path = Info.plist; sourceTree = "<group>"; };
		21A4D5E8286F00BC001D24C5 /* .swiftlint.yml */ = {isa = PBXFileReference; lastKnownFileType = text.yaml; path = .swiftlint.yml; sourceTree = "<group>"; };
		32533A7A58AFAA3E6FD464BA /* libPods-CloneApp_Toss.a */ = {isa = PBXFileReference; explicitFileType = archive.ar; includeInIndex = 0; path = "libPods-CloneApp_Toss.a"; sourceTree = BUILT_PRODUCTS_DIR; };
		B0218F2E62076D3C68DF531A /* Pods-CloneApp_Toss.debug.xcconfig */ = {isa = PBXFileReference; includeInIndex = 1; lastKnownFileType = text.xcconfig; name = "Pods-CloneApp_Toss.debug.xcconfig"; path = "Target Support Files/Pods-CloneApp_Toss/Pods-CloneApp_Toss.debug.xcconfig"; sourceTree = "<group>"; };
		DEBD6BCB6860593EA769577B /* Pods-CloneApp_Toss.release.xcconfig */ = {isa = PBXFileReference; includeInIndex = 1; lastKnownFileType = text.xcconfig; name = "Pods-CloneApp_Toss.release.xcconfig"; path = "Target Support Files/Pods-CloneApp_Toss/Pods-CloneApp_Toss.release.xcconfig"; sourceTree = "<group>"; };
/* End PBXFileReference section */

/* Begin PBXFrameworksBuildPhase section */
		2188A76F286EB03A00AE38AE /* Frameworks */ = {
			isa = PBXFrameworksBuildPhase;
			buildActionMask = 2147483647;
			files = (
				2188A78B286EB0E700AE38AE /* SnapKit in Frameworks */,
				5279AFED38710560B7E29FF5 /* libPods-CloneApp_Toss.a in Frameworks */,
			);
			runOnlyForDeploymentPostprocessing = 0;
		};
/* End PBXFrameworksBuildPhase section */

/* Begin PBXGroup section */
		2071D708526430EE102CC9F7 /* Pods */ = {
			isa = PBXGroup;
			children = (
				B0218F2E62076D3C68DF531A /* Pods-CloneApp_Toss.debug.xcconfig */,
				DEBD6BCB6860593EA769577B /* Pods-CloneApp_Toss.release.xcconfig */,
			);
			path = Pods;
			sourceTree = "<group>";
		};
		2188A769286EB03A00AE38AE = {
			isa = PBXGroup;
			children = (
				2188A774286EB03A00AE38AE /* CloneApp_Toss */,
				2188A773286EB03A00AE38AE /* Products */,
				2071D708526430EE102CC9F7 /* Pods */,
				FA299C96A49193A1FF729970 /* Frameworks */,
			);
			sourceTree = "<group>";
		};
		2188A773286EB03A00AE38AE /* Products */ = {
			isa = PBXGroup;
			children = (
				2188A772286EB03A00AE38AE /* CloneApp_Toss.app */,
			);
			name = Products;
			sourceTree = "<group>";
		};
		2188A774286EB03A00AE38AE /* CloneApp_Toss */ = {
			isa = PBXGroup;
			children = (
				2188A775286EB03A00AE38AE /* AppDelegate.swift */,
				2188A777286EB03A00AE38AE /* SceneDelegate.swift */,
				2188A779286EB03A00AE38AE /* ViewController.swift */,
				2174B06C287028300010E9BC /* Data.swift */,
				213778D3286F463700CF974E /* Color.swift */,
				2174B06A287025830010E9BC /* Font.swift */,
				2188A77E286EB03B00AE38AE /* Assets.xcassets */,
				2188A780286EB03B00AE38AE /* LaunchScreen.storyboard */,
				2188A783286EB03B00AE38AE /* Info.plist */,
				21A4D5E8286F00BC001D24C5 /* .swiftlint.yml */,
			);
			path = CloneApp_Toss;
			sourceTree = "<group>";
		};
		FA299C96A49193A1FF729970 /* Frameworks */ = {
			isa = PBXGroup;
			children = (
				32533A7A58AFAA3E6FD464BA /* libPods-CloneApp_Toss.a */,
			);
			name = Frameworks;
			sourceTree = "<group>";
		};
/* End PBXGroup section */

/* Begin PBXNativeTarget section */
		2188A771286EB03A00AE38AE /* CloneApp_Toss */ = {
			isa = PBXNativeTarget;
			buildConfigurationList = 2188A786286EB03B00AE38AE /* Build configuration list for PBXNativeTarget "CloneApp_Toss" */;
			buildPhases = (
				D17691614BF255F76ABE8CED /* [CP] Check Pods Manifest.lock */,
				2188A76E286EB03A00AE38AE /* Sources */,
				2188A76F286EB03A00AE38AE /* Frameworks */,
				2188A770286EB03A00AE38AE /* Resources */,
				212DAA5E286EE7B40058866F /* ShellScript */,
			);
			buildRules = (
			);
			dependencies = (
			);
			name = CloneApp_Toss;
			packageProductDependencies = (
				2188A78A286EB0E700AE38AE /* SnapKit */,
			);
			productName = CloneApp_Toss;
			productReference = 2188A772286EB03A00AE38AE /* CloneApp_Toss.app */;
			productType = "com.apple.product-type.application";
		};
/* End PBXNativeTarget section */

/* Begin PBXProject section */
		2188A76A286EB03A00AE38AE /* Project object */ = {
			isa = PBXProject;
			attributes = {
				BuildIndependentTargetsInParallel = 1;
				LastSwiftUpdateCheck = 1340;
				LastUpgradeCheck = 1340;
				TargetAttributes = {
					2188A771286EB03A00AE38AE = {
						CreatedOnToolsVersion = 13.4.1;
					};
				};
			};
			buildConfigurationList = 2188A76D286EB03A00AE38AE /* Build configuration list for PBXProject "CloneApp_Toss" */;
			compatibilityVersion = "Xcode 13.0";
			developmentRegion = en;
			hasScannedForEncodings = 0;
			knownRegions = (
				en,
				Base,
			);
			mainGroup = 2188A769286EB03A00AE38AE;
			packageReferences = (
				2188A789286EB0E700AE38AE /* XCRemoteSwiftPackageReference "SnapKit" */,
			);
			productRefGroup = 2188A773286EB03A00AE38AE /* Products */;
			projectDirPath = "";
			projectRoot = "";
			targets = (
				2188A771286EB03A00AE38AE /* CloneApp_Toss */,
			);
		};
/* End PBXProject section */

/* Begin PBXResourcesBuildPhase section */
		2188A770286EB03A00AE38AE /* Resources */ = {
			isa = PBXResourcesBuildPhase;
			buildActionMask = 2147483647;
			files = (
				21A4D5E9286F00BC001D24C5 /* .swiftlint.yml in Resources */,
				2188A782286EB03B00AE38AE /* LaunchScreen.storyboard in Resources */,
				2188A77F286EB03B00AE38AE /* Assets.xcassets in Resources */,
			);
			runOnlyForDeploymentPostprocessing = 0;
		};
/* End PBXResourcesBuildPhase section */

/* Begin PBXShellScriptBuildPhase section */
		212DAA5E286EE7B40058866F /* ShellScript */ = {
			isa = PBXShellScriptBuildPhase;
			buildActionMask = 8;
			files = (
			);
			inputFileListPaths = (
			);
			inputPaths = (
			);
			outputFileListPaths = (
			);
			outputPaths = (
			);
			runOnlyForDeploymentPostprocessing = 1;
			shellPath = /bin/sh;
			shellScript = "${PODS_ROOT}/SwiftLint/swiftlint autocorrect\n";
		};
		D17691614BF255F76ABE8CED /* [CP] Check Pods Manifest.lock */ = {
			isa = PBXShellScriptBuildPhase;
			buildActionMask = 2147483647;
			files = (
			);
			inputFileListPaths = (
			);
			inputPaths = (
				"${PODS_PODFILE_DIR_PATH}/Podfile.lock",
				"${PODS_ROOT}/Manifest.lock",
			);
			name = "[CP] Check Pods Manifest.lock";
			outputFileListPaths = (
			);
			outputPaths = (
				"$(DERIVED_FILE_DIR)/Pods-CloneApp_Toss-checkManifestLockResult.txt",
			);
			runOnlyForDeploymentPostprocessing = 0;
			shellPath = /bin/sh;
			shellScript = "diff \"${PODS_PODFILE_DIR_PATH}/Podfile.lock\" \"${PODS_ROOT}/Manifest.lock\" > /dev/null\nif [ $? != 0 ] ; then\n    # print error to STDERR\n    echo \"error: The sandbox is not in sync with the Podfile.lock. Run 'pod install' or update your CocoaPods installation.\" >&2\n    exit 1\nfi\n# This output is used by Xcode 'outputs' to avoid re-running this script phase.\necho \"SUCCESS\" > \"${SCRIPT_OUTPUT_FILE_0}\"\n";
			showEnvVarsInLog = 0;
		};
/* End PBXShellScriptBuildPhase section */

/* Begin PBXSourcesBuildPhase section */
		2188A76E286EB03A00AE38AE /* Sources */ = {
			isa = PBXSourcesBuildPhase;
			buildActionMask = 2147483647;
			files = (
				2188A77A286EB03A00AE38AE /* ViewController.swift in Sources */,
				2174B06D287028300010E9BC /* Data.swift in Sources */,
				213778D4286F463700CF974E /* Color.swift in Sources */,
				2174B06B287025830010E9BC /* Font.swift in Sources */,
				2188A776286EB03A00AE38AE /* AppDelegate.swift in Sources */,
				2188A778286EB03A00AE38AE /* SceneDelegate.swift in Sources */,
			);
			runOnlyForDeploymentPostprocessing = 0;
		};
/* End PBXSourcesBuildPhase section */

/* Begin PBXVariantGroup section */
		2188A780286EB03B00AE38AE /* LaunchScreen.storyboard */ = {
			isa = PBXVariantGroup;
			children = (
				2188A781286EB03B00AE38AE /* Base */,
			);
			name = LaunchScreen.storyboard;
			sourceTree = "<group>";
		};
/* End PBXVariantGroup section */

/* Begin XCBuildConfiguration section */
		2188A784286EB03B00AE38AE /* Debug */ = {
			isa = XCBuildConfiguration;
			buildSettings = {
				ALWAYS_SEARCH_USER_PATHS = NO;
				CLANG_ANALYZER_NONNULL = YES;
				CLANG_ANALYZER_NUMBER_OBJECT_CONVERSION = YES_AGGRESSIVE;
				CLANG_CXX_LANGUAGE_STANDARD = "gnu++17";
				CLANG_ENABLE_MODULES = YES;
				CLANG_ENABLE_OBJC_ARC = YES;
				CLANG_ENABLE_OBJC_WEAK = YES;
				CLANG_WARN_BLOCK_CAPTURE_AUTORELEASING = YES;
				CLANG_WARN_BOOL_CONVERSION = YES;
				CLANG_WARN_COMMA = YES;
				CLANG_WARN_CONSTANT_CONVERSION = YES;
				CLANG_WARN_DEPRECATED_OBJC_IMPLEMENTATIONS = YES;
				CLANG_WARN_DIRECT_OBJC_ISA_USAGE = YES_ERROR;
				CLANG_WARN_DOCUMENTATION_COMMENTS = YES;
				CLANG_WARN_EMPTY_BODY = YES;
				CLANG_WARN_ENUM_CONVERSION = YES;
				CLANG_WARN_INFINITE_RECURSION = YES;
				CLANG_WARN_INT_CONVERSION = YES;
				CLANG_WARN_NON_LITERAL_NULL_CONVERSION = YES;
				CLANG_WARN_OBJC_IMPLICIT_RETAIN_SELF = YES;
				CLANG_WARN_OBJC_LITERAL_CONVERSION = YES;
				CLANG_WARN_OBJC_ROOT_CLASS = YES_ERROR;
				CLANG_WARN_QUOTED_INCLUDE_IN_FRAMEWORK_HEADER = YES;
				CLANG_WARN_RANGE_LOOP_ANALYSIS = YES;
				CLANG_WARN_STRICT_PROTOTYPES = YES;
				CLANG_WARN_SUSPICIOUS_MOVE = YES;
				CLANG_WARN_UNGUARDED_AVAILABILITY = YES_AGGRESSIVE;
				CLANG_WARN_UNREACHABLE_CODE = YES;
				CLANG_WARN__DUPLICATE_METHOD_MATCH = YES;
				COPY_PHASE_STRIP = NO;
				DEBUG_INFORMATION_FORMAT = dwarf;
				ENABLE_STRICT_OBJC_MSGSEND = YES;
				ENABLE_TESTABILITY = YES;
				GCC_C_LANGUAGE_STANDARD = gnu11;
				GCC_DYNAMIC_NO_PIC = NO;
				GCC_NO_COMMON_BLOCKS = YES;
				GCC_OPTIMIZATION_LEVEL = 0;
				GCC_PREPROCESSOR_DEFINITIONS = (
					"DEBUG=1",
					"$(inherited)",
				);
				GCC_WARN_64_TO_32_BIT_CONVERSION = YES;
				GCC_WARN_ABOUT_RETURN_TYPE = YES_ERROR;
				GCC_WARN_UNDECLARED_SELECTOR = YES;
				GCC_WARN_UNINITIALIZED_AUTOS = YES_AGGRESSIVE;
				GCC_WARN_UNUSED_FUNCTION = YES;
				GCC_WARN_UNUSED_VARIABLE = YES;
				IPHONEOS_DEPLOYMENT_TARGET = 15.5;
				MTL_ENABLE_DEBUG_INFO = INCLUDE_SOURCE;
				MTL_FAST_MATH = YES;
				ONLY_ACTIVE_ARCH = YES;
				SDKROOT = iphoneos;
				SWIFT_ACTIVE_COMPILATION_CONDITIONS = DEBUG;
				SWIFT_OPTIMIZATION_LEVEL = "-Onone";
			};
			name = Debug;
		};
		2188A785286EB03B00AE38AE /* Release */ = {
			isa = XCBuildConfiguration;
			buildSettings = {
				ALWAYS_SEARCH_USER_PATHS = NO;
				CLANG_ANALYZER_NONNULL = YES;
				CLANG_ANALYZER_NUMBER_OBJECT_CONVERSION = YES_AGGRESSIVE;
				CLANG_CXX_LANGUAGE_STANDARD = "gnu++17";
				CLANG_ENABLE_MODULES = YES;
				CLANG_ENABLE_OBJC_ARC = YES;
				CLANG_ENABLE_OBJC_WEAK = YES;
				CLANG_WARN_BLOCK_CAPTURE_AUTORELEASING = YES;
				CLANG_WARN_BOOL_CONVERSION = YES;
				CLANG_WARN_COMMA = YES;
				CLANG_WARN_CONSTANT_CONVERSION = YES;
				CLANG_WARN_DEPRECATED_OBJC_IMPLEMENTATIONS = YES;
				CLANG_WARN_DIRECT_OBJC_ISA_USAGE = YES_ERROR;
				CLANG_WARN_DOCUMENTATION_COMMENTS = YES;
				CLANG_WARN_EMPTY_BODY = YES;
				CLANG_WARN_ENUM_CONVERSION = YES;
				CLANG_WARN_INFINITE_RECURSION = YES;
				CLANG_WARN_INT_CONVERSION = YES;
				CLANG_WARN_NON_LITERAL_NULL_CONVERSION = YES;
				CLANG_WARN_OBJC_IMPLICIT_RETAIN_SELF = YES;
				CLANG_WARN_OBJC_LITERAL_CONVERSION = YES;
				CLANG_WARN_OBJC_ROOT_CLASS = YES_ERROR;
				CLANG_WARN_QUOTED_INCLUDE_IN_FRAMEWORK_HEADER = YES;
				CLANG_WARN_RANGE_LOOP_ANALYSIS = YES;
				CLANG_WARN_STRICT_PROTOTYPES = YES;
				CLANG_WARN_SUSPICIOUS_MOVE = YES;
				CLANG_WARN_UNGUARDED_AVAILABILITY = YES_AGGRESSIVE;
				CLANG_WARN_UNREACHABLE_CODE = YES;
				CLANG_WARN__DUPLICATE_METHOD_MATCH = YES;
				COPY_PHASE_STRIP = NO;
				DEBUG_INFORMATION_FORMAT = "dwarf-with-dsym";
				ENABLE_NS_ASSERTIONS = NO;
				ENABLE_STRICT_OBJC_MSGSEND = YES;
				GCC_C_LANGUAGE_STANDARD = gnu11;
				GCC_NO_COMMON_BLOCKS = YES;
				GCC_WARN_64_TO_32_BIT_CONVERSION = YES;
				GCC_WARN_ABOUT_RETURN_TYPE = YES_ERROR;
				GCC_WARN_UNDECLARED_SELECTOR = YES;
				GCC_WARN_UNINITIALIZED_AUTOS = YES_AGGRESSIVE;
				GCC_WARN_UNUSED_FUNCTION = YES;
				GCC_WARN_UNUSED_VARIABLE = YES;
				IPHONEOS_DEPLOYMENT_TARGET = 15.5;
				MTL_ENABLE_DEBUG_INFO = NO;
				MTL_FAST_MATH = YES;
				SDKROOT = iphoneos;
				SWIFT_COMPILATION_MODE = wholemodule;
				SWIFT_OPTIMIZATION_LEVEL = "-O";
				VALIDATE_PRODUCT = YES;
			};
			name = Release;
		};
		2188A787286EB03B00AE38AE /* Debug */ = {
			isa = XCBuildConfiguration;
			baseConfigurationReference = B0218F2E62076D3C68DF531A /* Pods-CloneApp_Toss.debug.xcconfig */;
			buildSettings = {
				ASSETCATALOG_COMPILER_APPICON_NAME = AppIcon;
				ASSETCATALOG_COMPILER_GLOBAL_ACCENT_COLOR_NAME = AccentColor;
				CODE_SIGN_STYLE = Automatic;
				CURRENT_PROJECT_VERSION = 1;
				DEVELOPMENT_TEAM = VT69ZW2DRC;
				GENERATE_INFOPLIST_FILE = YES;
				INFOPLIST_FILE = CloneApp_Toss/Info.plist;
				INFOPLIST_KEY_UIApplicationSupportsIndirectInputEvents = YES;
				INFOPLIST_KEY_UILaunchStoryboardName = LaunchScreen;
				INFOPLIST_KEY_UISupportedInterfaceOrientations_iPad = "UIInterfaceOrientationPortrait UIInterfaceOrientationPortraitUpsideDown UIInterfaceOrientationLandscapeLeft UIInterfaceOrientationLandscapeRight";
				INFOPLIST_KEY_UISupportedInterfaceOrientations_iPhone = "UIInterfaceOrientationPortrait UIInterfaceOrientationLandscapeLeft UIInterfaceOrientationLandscapeRight";
				IPHONEOS_DEPLOYMENT_TARGET = 15.5;
				LD_RUNPATH_SEARCH_PATHS = (
					"$(inherited)",
					"@executable_path/Frameworks",
				);
				MARKETING_VERSION = 1.0;
				PRODUCT_BUNDLE_IDENTIFIER = "eraser.CloneApp-Toss";
				PRODUCT_NAME = "$(TARGET_NAME)";
				SWIFT_EMIT_LOC_STRINGS = YES;
				SWIFT_VERSION = 5.0;
				TARGETED_DEVICE_FAMILY = "1,2";
			};
			name = Debug;
		};
		2188A788286EB03B00AE38AE /* Release */ = {
			isa = XCBuildConfiguration;
			baseConfigurationReference = DEBD6BCB6860593EA769577B /* Pods-CloneApp_Toss.release.xcconfig */;
			buildSettings = {
				ASSETCATALOG_COMPILER_APPICON_NAME = AppIcon;
				ASSETCATALOG_COMPILER_GLOBAL_ACCENT_COLOR_NAME = AccentColor;
				CODE_SIGN_STYLE = Automatic;
				CURRENT_PROJECT_VERSION = 1;
				DEVELOPMENT_TEAM = VT69ZW2DRC;
				GENERATE_INFOPLIST_FILE = YES;
				INFOPLIST_FILE = CloneApp_Toss/Info.plist;
				INFOPLIST_KEY_UIApplicationSupportsIndirectInputEvents = YES;
				INFOPLIST_KEY_UILaunchStoryboardName = LaunchScreen;
				INFOPLIST_KEY_UISupportedInterfaceOrientations_iPad = "UIInterfaceOrientationPortrait UIInterfaceOrientationPortraitUpsideDown UIInterfaceOrientationLandscapeLeft UIInterfaceOrientationLandscapeRight";
				INFOPLIST_KEY_UISupportedInterfaceOrientations_iPhone = "UIInterfaceOrientationPortrait UIInterfaceOrientationLandscapeLeft UIInterfaceOrientationLandscapeRight";
				IPHONEOS_DEPLOYMENT_TARGET = 15.5;
				LD_RUNPATH_SEARCH_PATHS = (
					"$(inherited)",
					"@executable_path/Frameworks",
				);
				MARKETING_VERSION = 1.0;
				PRODUCT_BUNDLE_IDENTIFIER = "eraser.CloneApp-Toss";
				PRODUCT_NAME = "$(TARGET_NAME)";
				SWIFT_EMIT_LOC_STRINGS = YES;
				SWIFT_VERSION = 5.0;
				TARGETED_DEVICE_FAMILY = "1,2";
			};
			name = Release;
		};
/* End XCBuildConfiguration section */

/* Begin XCConfigurationList section */
		2188A76D286EB03A00AE38AE /* Build configuration list for PBXProject "CloneApp_Toss" */ = {
			isa = XCConfigurationList;
			buildConfigurations = (
				2188A784286EB03B00AE38AE /* Debug */,
				2188A785286EB03B00AE38AE /* Release */,
			);
			defaultConfigurationIsVisible = 0;
			defaultConfigurationName = Release;
		};
		2188A786286EB03B00AE38AE /* Build configuration list for PBXNativeTarget "CloneApp_Toss" */ = {
			isa = XCConfigurationList;
			buildConfigurations = (
				2188A787286EB03B00AE38AE /* Debug */,
				2188A788286EB03B00AE38AE /* Release */,
			);
			defaultConfigurationIsVisible = 0;
			defaultConfigurationName = Release;
		};
/* End XCConfigurationList section */

/* Begin XCRemoteSwiftPackageReference section */
		2188A789286EB0E700AE38AE /* XCRemoteSwiftPackageReference "SnapKit" */ = {
			isa = XCRemoteSwiftPackageReference;
			repositoryURL = "https://github.com/SnapKit/SnapKit";
			requirement = {
				kind = upToNextMajorVersion;
				minimumVersion = 5.0.0;
			};
		};
/* End XCRemoteSwiftPackageReference section */

/* Begin XCSwiftPackageProductDependency section */
		2188A78A286EB0E700AE38AE /* SnapKit */ = {
			isa = XCSwiftPackageProductDependency;
			package = 2188A789286EB0E700AE38AE /* XCRemoteSwiftPackageReference "SnapKit" */;
			productName = SnapKit;
		};
/* End XCSwiftPackageProductDependency section */
	};
	rootObject = 2188A76A286EB03A00AE38AE /* Project object */;
}
